
Microsoft Visual Studio Solution File, Format Version 12.00
Project("{FAE04EC0-301F-11D3-BF4B-00C04F79EFBC}") = "FunWithFlights.Domain", "FunWithFlights.Domain\FunWithFlights.Domain.csproj", "{E2D864A5-0F0C-46CE-968F-42B8D60011DE}"
EndProject
Project("{FAE04EC0-301F-11D3-BF4B-00C04F79EFBC}") = "FunWithFlights.Business", "FunWithFlights.Business\FunWithFlights.Business.csproj", "{163F1EA1-A078-40A7-87F7-8A8898E3D0FC}"
EndProject
Project("{FAE04EC0-301F-11D3-BF4B-00C04F79EFBC}") = "FunWithFlights.Infrastructure", "FunWithFlights.Infrastructure\FunWithFlights.Infrastructure.csproj", "{B6207F2A-434E-4AB5-9D14-E618F7D111AE}"
EndProject
Project("{2150E333-8FDC-42A3-9474-1A3956D46DE8}") = "99. Tests", "99. Tests", "{C0011BF7-D577-4533-B6D7-E35F47EBACB0}"
EndProject
Project("{FAE04EC0-301F-11D3-BF4B-00C04F79EFBC}") = "FunWithFlights.Domain.Tests", "FunWithFlights.Domain.Tests\FunWithFlights.Domain.Tests.csproj", "{DA2162B7-406D-4575-950E-40F707776FA5}"
EndProject
Project("{FAE04EC0-301F-11D3-BF4B-00C04F79EFBC}") = "FunWithFlights.Business.Tests", "FunWithFlights.Business.Tests\FunWithFlights.Business.Tests.csproj", "{15BFC870-1942-4175-99E7-388C96E778A8}"
EndProject
Project("{FAE04EC0-301F-11D3-BF4B-00C04F79EFBC}") = "FunWithFlights.WebApi.Tests", "FunWithFlights.WebApi.Tests\FunWithFlights.WebApi.Tests.csproj", "{D95767B9-0766-4ADA-9AB6-B0D3E3F4126B}"
EndProject
Project("{FAE04EC0-301F-11D3-BF4B-00C04F79EFBC}") = "FunWithFlights.Infrastructure.Contracts", "FunWithFlights.Infrastructure.Contracts\FunWithFlights.Infrastructure.Contracts.csproj", "{E1505BBE-77A8-4F6F-BEC9-53B133E19646}"
EndProject
Project("{FAE04EC0-301F-11D3-BF4B-00C04F79EFBC}") = "FunWithFlights.Web", "FunWithFlights.Web\FunWithFlights.Web.csproj", "{68A2CDA8-B979-498A-A2FE-87B50A66585A}"
EndProject
Project("{FAE04EC0-301F-11D3-BF4B-00C04F79EFBC}") = "FunWithFlights.Core", "FunWithFlights.Core\FunWithFlights.Core.csproj", "{B28D8133-85BD-4CEE-9279-4F544358C549}"
EndProject
Project("{2150E333-8FDC-42A3-9474-1A3956D46DE8}") = "1. Core", "1. Core", "{5967FE24-A198-4AFB-B20A-216836BABA07}"
EndProject
Project("{2150E333-8FDC-42A3-9474-1A3956D46DE8}") = "2. Domain", "2. Domain", "{AC32DB78-1679-41C0-B3A0-71FB568FBB9F}"
EndProject
Project("{2150E333-8FDC-42A3-9474-1A3956D46DE8}") = "3. Business", "3. Business", "{92F5201D-B457-48A6-B213-09C84AA9ACD1}"
EndProject
Project("{2150E333-8FDC-42A3-9474-1A3956D46DE8}") = "4. Infrastructure", "4. Infrastructure", "{5B64D876-FA47-4A34-9528-F5F419DB07D9}"
EndProject
Project("{2150E333-8FDC-42A3-9474-1A3956D46DE8}") = "5. Web", "5. Web", "{2F9F2F77-B3CF-4F13-8D4B-B17E7161090B}"
EndProject
Project("{FAE04EC0-301F-11D3-BF4B-00C04F79EFBC}") = "FunWithFlights.Infrastructure.Tests", "FunWithFlights.Infrastructure.Tests\FunWithFlights.Infrastructure.Tests.csproj", "{A4405D7E-9AE5-4513-9975-92B21846409F}"
EndProject
Global
	GlobalSection(SolutionConfigurationPlatforms) = preSolution
		Debug|Any CPU = Debug|Any CPU
		Release|Any CPU = Release|Any CPU
	EndGlobalSection
	GlobalSection(ProjectConfigurationPlatforms) = postSolution
		{E2D864A5-0F0C-46CE-968F-42B8D60011DE}.Debug|Any CPU.ActiveCfg = Debug|Any CPU
		{E2D864A5-0F0C-46CE-968F-42B8D60011DE}.Debug|Any CPU.Build.0 = Debug|Any CPU
		{E2D864A5-0F0C-46CE-968F-42B8D60011DE}.Release|Any CPU.ActiveCfg = Release|Any CPU
		{E2D864A5-0F0C-46CE-968F-42B8D60011DE}.Release|Any CPU.Build.0 = Release|Any CPU
		{163F1EA1-A078-40A7-87F7-8A8898E3D0FC}.Debug|Any CPU.ActiveCfg = Debug|Any CPU
		{163F1EA1-A078-40A7-87F7-8A8898E3D0FC}.Debug|Any CPU.Build.0 = Debug|Any CPU
		{163F1EA1-A078-40A7-87F7-8A8898E3D0FC}.Release|Any CPU.ActiveCfg = Release|Any CPU
		{163F1EA1-A078-40A7-87F7-8A8898E3D0FC}.Release|Any CPU.Build.0 = Release|Any CPU
		{B6207F2A-434E-4AB5-9D14-E618F7D111AE}.Debug|Any CPU.ActiveCfg = Debug|Any CPU
		{B6207F2A-434E-4AB5-9D14-E618F7D111AE}.Debug|Any CPU.Build.0 = Debug|Any CPU
		{B6207F2A-434E-4AB5-9D14-E618F7D111AE}.Release|Any CPU.ActiveCfg = Release|Any CPU
		{B6207F2A-434E-4AB5-9D14-E618F7D111AE}.Release|Any CPU.Build.0 = Release|Any CPU
		{DA2162B7-406D-4575-950E-40F707776FA5}.Debug|Any CPU.ActiveCfg = Debug|Any CPU
		{DA2162B7-406D-4575-950E-40F707776FA5}.Debug|Any CPU.Build.0 = Debug|Any CPU
		{DA2162B7-406D-4575-950E-40F707776FA5}.Release|Any CPU.ActiveCfg = Release|Any CPU
		{DA2162B7-406D-4575-950E-40F707776FA5}.Release|Any CPU.Build.0 = Release|Any CPU
		{15BFC870-1942-4175-99E7-388C96E778A8}.Debug|Any CPU.ActiveCfg = Debug|Any CPU
		{15BFC870-1942-4175-99E7-388C96E778A8}.Debug|Any CPU.Build.0 = Debug|Any CPU
		{15BFC870-1942-4175-99E7-388C96E778A8}.Release|Any CPU.ActiveCfg = Release|Any CPU
		{15BFC870-1942-4175-99E7-388C96E778A8}.Release|Any CPU.Build.0 = Release|Any CPU
		{D95767B9-0766-4ADA-9AB6-B0D3E3F4126B}.Debug|Any CPU.ActiveCfg = Debug|Any CPU
		{D95767B9-0766-4ADA-9AB6-B0D3E3F4126B}.Debug|Any CPU.Build.0 = Debug|Any CPU
		{D95767B9-0766-4ADA-9AB6-B0D3E3F4126B}.Release|Any CPU.ActiveCfg = Release|Any CPU
		{D95767B9-0766-4ADA-9AB6-B0D3E3F4126B}.Release|Any CPU.Build.0 = Release|Any CPU
		{E1505BBE-77A8-4F6F-BEC9-53B133E19646}.Debug|Any CPU.ActiveCfg = Debug|Any CPU
		{E1505BBE-77A8-4F6F-BEC9-53B133E19646}.Debug|Any CPU.Build.0 = Debug|Any CPU
		{E1505BBE-77A8-4F6F-BEC9-53B133E19646}.Release|Any CPU.ActiveCfg = Release|Any CPU
		{E1505BBE-77A8-4F6F-BEC9-53B133E19646}.Release|Any CPU.Build.0 = Release|Any CPU
		{68A2CDA8-B979-498A-A2FE-87B50A66585A}.Debug|Any CPU.ActiveCfg = Debug|Any CPU
		{68A2CDA8-B979-498A-A2FE-87B50A66585A}.Debug|Any CPU.Build.0 = Debug|Any CPU
		{68A2CDA8-B979-498A-A2FE-87B50A66585A}.Release|Any CPU.ActiveCfg = Release|Any CPU
		{68A2CDA8-B979-498A-A2FE-87B50A66585A}.Release|Any CPU.Build.0 = Release|Any CPU
		{B28D8133-85BD-4CEE-9279-4F544358C549}.Debug|Any CPU.ActiveCfg = Debug|Any CPU
		{B28D8133-85BD-4CEE-9279-4F544358C549}.Debug|Any CPU.Build.0 = Debug|Any CPU
		{B28D8133-85BD-4CEE-9279-4F544358C549}.Release|Any CPU.ActiveCfg = Release|Any CPU
		{B28D8133-85BD-4CEE-9279-4F544358C549}.Release|Any CPU.Build.0 = Release|Any CPU
		{A4405D7E-9AE5-4513-9975-92B21846409F}.Debug|Any CPU.ActiveCfg = Debug|Any CPU
		{A4405D7E-9AE5-4513-9975-92B21846409F}.Debug|Any CPU.Build.0 = Debug|Any CPU
		{A4405D7E-9AE5-4513-9975-92B21846409F}.Release|Any CPU.ActiveCfg = Release|Any CPU
		{A4405D7E-9AE5-4513-9975-92B21846409F}.Release|Any CPU.Build.0 = Release|Any CPU
	EndGlobalSection
	GlobalSection(NestedProjects) = preSolution
		{DA2162B7-406D-4575-950E-40F707776FA5} = {C0011BF7-D577-4533-B6D7-E35F47EBACB0}
		{15BFC870-1942-4175-99E7-388C96E778A8} = {C0011BF7-D577-4533-B6D7-E35F47EBACB0}
		{D95767B9-0766-4ADA-9AB6-B0D3E3F4126B} = {C0011BF7-D577-4533-B6D7-E35F47EBACB0}
		{B28D8133-85BD-4CEE-9279-4F544358C549} = {5967FE24-A198-4AFB-B20A-216836BABA07}
		{E2D864A5-0F0C-46CE-968F-42B8D60011DE} = {AC32DB78-1679-41C0-B3A0-71FB568FBB9F}
		{163F1EA1-A078-40A7-87F7-8A8898E3D0FC} = {92F5201D-B457-48A6-B213-09C84AA9ACD1}
		{B6207F2A-434E-4AB5-9D14-E618F7D111AE} = {5B64D876-FA47-4A34-9528-F5F419DB07D9}
		{E1505BBE-77A8-4F6F-BEC9-53B133E19646} = {5B64D876-FA47-4A34-9528-F5F419DB07D9}
		{68A2CDA8-B979-498A-A2FE-87B50A66585A} = {2F9F2F77-B3CF-4F13-8D4B-B17E7161090B}
		{A4405D7E-9AE5-4513-9975-92B21846409F} = {C0011BF7-D577-4533-B6D7-E35F47EBACB0}
	EndGlobalSection
EndGlobal
